
Microsoft Visual Studio Solution File, Format Version 12.00
# Visual Studio 15
VisualStudioVersion = 15.0.27428.2043
MinimumVisualStudioVersion = 10.0.40219.1
Project("{FAE04EC0-301F-11D3-BF4B-00C04F79EFBC}") = "Aosch.MES.Web", "Aosch.MES.Web\Aosch.MES.Web.csproj", "{027D0FC3-7B84-460E-B2CE-1D23B60AAD50}"
EndProject
Global
	GlobalSection(SolutionConfigurationPlatforms) = preSolution
		Debug|Any CPU = Debug|Any CPU
		Release|Any CPU = Release|Any CPU
	EndGlobalSection
	GlobalSection(ProjectConfigurationPlatforms) = postSolution
		{027D0FC3-7B84-460E-B2CE-1D23B60AAD50}.Debug|Any CPU.ActiveCfg = Debug|Any CPU
		{027D0FC3-7B84-460E-B2CE-1D23B60AAD50}.Debug|Any CPU.Build.0 = Debug|Any CPU
		{027D0FC3-7B84-460E-B2CE-1D23B60AAD50}.Release|Any CPU.ActiveCfg = Release|Any CPU
		{027D0FC3-7B84-460E-B2CE-1D23B60AAD50}.Release|Any CPU.Build.0 = Release|Any CPU
	EndGlobalSection
	GlobalSection(SolutionProperties) = preSolution
		HideSolutionNode = FALSE
	EndGlobalSection
	GlobalSection(ExtensibilityGlobals) = postSolution
		SolutionGuid = {139B3F84-037E-4771-ADA6-FA1B1075ECDF}
	EndGlobalSection
EndGlobal
